// !$*UTF8*$!
{
	archiveVersion = 1;
	classes = {
	};
	objectVersion = 50;
	objects = {

/* Begin PBXBuildFile section */
		5121F9A82105A63400AAB52F /* ComicsManager.swift in Sources */ = {isa = PBXBuildFile; fileRef = 5121F9A72105A63400AAB52F /* ComicsManager.swift */; };
		5121F9AA2105BA7F00AAB52F /* ActivityCell.swift in Sources */ = {isa = PBXBuildFile; fileRef = 5121F9A92105BA7F00AAB52F /* ActivityCell.swift */; };
		5121F9AC2105BF9000AAB52F /* ComicsDetailsViewController.swift in Sources */ = {isa = PBXBuildFile; fileRef = 5121F9AB2105BF9000AAB52F /* ComicsDetailsViewController.swift */; };
		5121F9AE2105C19200AAB52F /* ComicsDetails.storyboard in Resources */ = {isa = PBXBuildFile; fileRef = 5121F9AD2105C19200AAB52F /* ComicsDetails.storyboard */; };
		518411AB2104828F008465DE /* AppDelegate.swift in Sources */ = {isa = PBXBuildFile; fileRef = 518411AA2104828F008465DE /* AppDelegate.swift */; };
		518411B02104828F008465DE /* Main.storyboard in Resources */ = {isa = PBXBuildFile; fileRef = 518411AE2104828F008465DE /* Main.storyboard */; };
		518411B221048292008465DE /* Assets.xcassets in Resources */ = {isa = PBXBuildFile; fileRef = 518411B121048292008465DE /* Assets.xcassets */; };
		518411B521048292008465DE /* LaunchScreen.storyboard in Resources */ = {isa = PBXBuildFile; fileRef = 518411B321048292008465DE /* LaunchScreen.storyboard */; };
		518411CB21048293008465DE /* MarvelComicsUITests.swift in Sources */ = {isa = PBXBuildFile; fileRef = 518411CA21048293008465DE /* MarvelComicsUITests.swift */; };
		518411E221049906008465DE /* MarvelAPI.swift in Sources */ = {isa = PBXBuildFile; fileRef = 518411E121049906008465DE /* MarvelAPI.swift */; };
		518411E42104A636008465DE /* SecretConstants.swift in Sources */ = {isa = PBXBuildFile; fileRef = 518411E32104A636008465DE /* SecretConstants.swift */; };
		518411ED2104C5E9008465DE /* MarvelAPITests.swift in Sources */ = {isa = PBXBuildFile; fileRef = 518411EC2104C5E9008465DE /* MarvelAPITests.swift */; };
		518411EF2104CDB3008465DE /* MarvelAPIErrorResponse.swift in Sources */ = {isa = PBXBuildFile; fileRef = 518411EE2104CDB3008465DE /* MarvelAPIErrorResponse.swift */; };
		518411F52104D9F1008465DE /* MarvelAPIErrorResponse in Resources */ = {isa = PBXBuildFile; fileRef = 518411F12104D36E008465DE /* MarvelAPIErrorResponse */; };
		518411F62104D9F1008465DE /* GET_v1_public_comics in Resources */ = {isa = PBXBuildFile; fileRef = 518411F32104D3F4008465DE /* GET_v1_public_comics */; };
		518411F92104E3AA008465DE /* MD5.swift in Sources */ = {isa = PBXBuildFile; fileRef = 518411F82104E3AA008465DE /* MD5.swift */; };
		518411FD2104E707008465DE /* MD5Tests.swift in Sources */ = {isa = PBXBuildFile; fileRef = 518411FC2104E707008465DE /* MD5Tests.swift */; };
		518411FF2104F6A6008465DE /* URLMockable.swift in Sources */ = {isa = PBXBuildFile; fileRef = 518411FE2104F6A6008465DE /* URLMockable.swift */; };
		518412012104F6CB008465DE /* MockableURLSessionDataTask.swift in Sources */ = {isa = PBXBuildFile; fileRef = 518412002104F6CB008465DE /* MockableURLSessionDataTask.swift */; };
		518412032104F6E9008465DE /* MockableURLSession.swift in Sources */ = {isa = PBXBuildFile; fileRef = 518412022104F6E9008465DE /* MockableURLSession.swift */; };
		518412062104F887008465DE /* URLMockableTests.swift in Sources */ = {isa = PBXBuildFile; fileRef = 518412052104F887008465DE /* URLMockableTests.swift */; };
		518412082104F8A2008465DE /* MockableURLSessionDataTaskTests.swift in Sources */ = {isa = PBXBuildFile; fileRef = 518412072104F8A2008465DE /* MockableURLSessionDataTaskTests.swift */; };
		5184120A2104F8C3008465DE /* MockableURLSessionTests.swift in Sources */ = {isa = PBXBuildFile; fileRef = 518412092104F8C3008465DE /* MockableURLSessionTests.swift */; };
		5184120C210500F9008465DE /* GET_u_prod_marvel_i_mg_4_20_4bc697c680890.jpg in Resources */ = {isa = PBXBuildFile; fileRef = 5184120B210500F9008465DE /* GET_u_prod_marvel_i_mg_4_20_4bc697c680890.jpg */; };
		5184120D210500FF008465DE /* GET_u_prod_marvel_i_mg_4_20_4bc697c680890.jpg in Resources */ = {isa = PBXBuildFile; fileRef = 5184120B210500F9008465DE /* GET_u_prod_marvel_i_mg_4_20_4bc697c680890.jpg */; };
		5184120E21050100008465DE /* GET_u_prod_marvel_i_mg_4_20_4bc697c680890.jpg in Resources */ = {isa = PBXBuildFile; fileRef = 5184120B210500F9008465DE /* GET_u_prod_marvel_i_mg_4_20_4bc697c680890.jpg */; };
		5184121021051042008465DE /* MarvelAPIComicsResponse.swift in Sources */ = {isa = PBXBuildFile; fileRef = 5184120F21051042008465DE /* MarvelAPIComicsResponse.swift */; };
		51841212210511BF008465DE /* MarvelAPIComicDataContainer.swift in Sources */ = {isa = PBXBuildFile; fileRef = 51841211210511BF008465DE /* MarvelAPIComicDataContainer.swift */; };
		5184121421051295008465DE /* MarvelAPIComic.swift in Sources */ = {isa = PBXBuildFile; fileRef = 5184121321051295008465DE /* MarvelAPIComic.swift */; };
		518412162105135E008465DE /* MarvelAPIImage.swift in Sources */ = {isa = PBXBuildFile; fileRef = 518412152105135E008465DE /* MarvelAPIImage.swift */; };
		5184121921051B1B008465DE /* MarvelAPIComicsResponse.swift in Sources */ = {isa = PBXBuildFile; fileRef = 5184121821051B1B008465DE /* MarvelAPIComicsResponse.swift */; };
		5184121B2105292F008465DE /* GET_v1_public_comics?limit=20&offset=0 in Resources */ = {isa = PBXBuildFile; fileRef = 5184121A2105292F008465DE /* GET_v1_public_comics?limit=20&offset=0 */; };
		5184121D2105295D008465DE /* GET_v1_public_comics?limit=20&offset=20 in Resources */ = {isa = PBXBuildFile; fileRef = 5184121C2105295D008465DE /* GET_v1_public_comics?limit=20&offset=20 */; };
		5184121E21052D90008465DE /* GET_v1_public_comics?limit=20&offset=0 in Resources */ = {isa = PBXBuildFile; fileRef = 5184121A2105292F008465DE /* GET_v1_public_comics?limit=20&offset=0 */; };
		5184121F21052D90008465DE /* GET_v1_public_comics?limit=20&offset=20 in Resources */ = {isa = PBXBuildFile; fileRef = 5184121C2105295D008465DE /* GET_v1_public_comics?limit=20&offset=20 */; };
		5184122021052D91008465DE /* GET_v1_public_comics?limit=20&offset=0 in Resources */ = {isa = PBXBuildFile; fileRef = 5184121A2105292F008465DE /* GET_v1_public_comics?limit=20&offset=0 */; };
		5184122121052D91008465DE /* GET_v1_public_comics?limit=20&offset=20 in Resources */ = {isa = PBXBuildFile; fileRef = 5184121C2105295D008465DE /* GET_v1_public_comics?limit=20&offset=20 */; };
		518412232105312D008465DE /* MarvelAPIImageResponse.swift in Sources */ = {isa = PBXBuildFile; fileRef = 518412222105312D008465DE /* MarvelAPIImageResponse.swift */; };
		5184122521053AF0008465DE /* MarvelAPIImageResponseTests.swift in Sources */ = {isa = PBXBuildFile; fileRef = 5184122421053AF0008465DE /* MarvelAPIImageResponseTests.swift */; };
		5184122A21054386008465DE /* GET_u_prod_marvel_i_mg_9_90_4bb860a46f58d_portrait_medium.jpg in Resources */ = {isa = PBXBuildFile; fileRef = 5184122621054385008465DE /* GET_u_prod_marvel_i_mg_9_90_4bb860a46f58d_portrait_medium.jpg */; };
		5184122B21054386008465DE /* GET_u_prod_marvel_i_mg_9_90_4bb860a46f58d_portrait_medium.jpg in Resources */ = {isa = PBXBuildFile; fileRef = 5184122621054385008465DE /* GET_u_prod_marvel_i_mg_9_90_4bb860a46f58d_portrait_medium.jpg */; };
		5184122C21054386008465DE /* GET_u_prod_marvel_i_mg_9_90_4bb860a46f58d_portrait_medium.jpg in Resources */ = {isa = PBXBuildFile; fileRef = 5184122621054385008465DE /* GET_u_prod_marvel_i_mg_9_90_4bb860a46f58d_portrait_medium.jpg */; };
		5184122D21054386008465DE /* GET_u_prod_marvel_i_mg_9_90_4bb860a46f58d_portrait_uncanny.jpg in Resources */ = {isa = PBXBuildFile; fileRef = 5184122721054385008465DE /* GET_u_prod_marvel_i_mg_9_90_4bb860a46f58d_portrait_uncanny.jpg */; };
		5184122E21054386008465DE /* GET_u_prod_marvel_i_mg_9_90_4bb860a46f58d_portrait_uncanny.jpg in Resources */ = {isa = PBXBuildFile; fileRef = 5184122721054385008465DE /* GET_u_prod_marvel_i_mg_9_90_4bb860a46f58d_portrait_uncanny.jpg */; };
		5184122F21054386008465DE /* GET_u_prod_marvel_i_mg_9_90_4bb860a46f58d_portrait_uncanny.jpg in Resources */ = {isa = PBXBuildFile; fileRef = 5184122721054385008465DE /* GET_u_prod_marvel_i_mg_9_90_4bb860a46f58d_portrait_uncanny.jpg */; };
		5184123021054386008465DE /* GET_u_prod_marvel_i_mg_9_90_4bb860a46f58d.jpg in Resources */ = {isa = PBXBuildFile; fileRef = 5184122821054386008465DE /* GET_u_prod_marvel_i_mg_9_90_4bb860a46f58d.jpg */; };
		5184123121054386008465DE /* GET_u_prod_marvel_i_mg_9_90_4bb860a46f58d.jpg in Resources */ = {isa = PBXBuildFile; fileRef = 5184122821054386008465DE /* GET_u_prod_marvel_i_mg_9_90_4bb860a46f58d.jpg */; };
		5184123221054386008465DE /* GET_u_prod_marvel_i_mg_9_90_4bb860a46f58d.jpg in Resources */ = {isa = PBXBuildFile; fileRef = 5184122821054386008465DE /* GET_u_prod_marvel_i_mg_9_90_4bb860a46f58d.jpg */; };
		5184123321054386008465DE /* GET_u_prod_marvel_i_mg_9_90_4bb860a46f58d_portrait_small.jpg in Resources */ = {isa = PBXBuildFile; fileRef = 5184122921054386008465DE /* GET_u_prod_marvel_i_mg_9_90_4bb860a46f58d_portrait_small.jpg */; };
		5184123421054386008465DE /* GET_u_prod_marvel_i_mg_9_90_4bb860a46f58d_portrait_small.jpg in Resources */ = {isa = PBXBuildFile; fileRef = 5184122921054386008465DE /* GET_u_prod_marvel_i_mg_9_90_4bb860a46f58d_portrait_small.jpg */; };
		5184123521054386008465DE /* GET_u_prod_marvel_i_mg_9_90_4bb860a46f58d_portrait_small.jpg in Resources */ = {isa = PBXBuildFile; fileRef = 5184122921054386008465DE /* GET_u_prod_marvel_i_mg_9_90_4bb860a46f58d_portrait_small.jpg */; };
		51841238210546AE008465DE /* CacheAPI.swift in Sources */ = {isa = PBXBuildFile; fileRef = 51841237210546AE008465DE /* CacheAPI.swift */; };
		5184123F210552E3008465DE /* CacheAPIImageResponse.swift in Sources */ = {isa = PBXBuildFile; fileRef = 5184123B210546C8008465DE /* CacheAPIImageResponse.swift */; };
		5184124121055884008465DE /* ComicsListViewController.swift in Sources */ = {isa = PBXBuildFile; fileRef = 5184124021055884008465DE /* ComicsListViewController.swift */; };
		5184124421055E47008465DE /* ComicsCell.swift in Sources */ = {isa = PBXBuildFile; fileRef = 5184124321055E47008465DE /* ComicsCell.swift */; };
/* End PBXBuildFile section */

/* Begin PBXContainerItemProxy section */
		518411BC21048293008465DE /* PBXContainerItemProxy */ = {
			isa = PBXContainerItemProxy;
			containerPortal = 5184119F2104828F008465DE /* Project object */;
			proxyType = 1;
			remoteGlobalIDString = 518411A62104828F008465DE;
			remoteInfo = MarvelComics;
		};
		518411C721048293008465DE /* PBXContainerItemProxy */ = {
			isa = PBXContainerItemProxy;
			containerPortal = 5184119F2104828F008465DE /* Project object */;
			proxyType = 1;
			remoteGlobalIDString = 518411A62104828F008465DE;
			remoteInfo = MarvelComics;
		};
/* End PBXContainerItemProxy section */

/* Begin PBXFileReference section */
		5121F9A72105A63400AAB52F /* ComicsManager.swift */ = {isa = PBXFileReference; lastKnownFileType = sourcecode.swift; path = ComicsManager.swift; sourceTree = "<group>"; };
		5121F9A92105BA7F00AAB52F /* ActivityCell.swift */ = {isa = PBXFileReference; lastKnownFileType = sourcecode.swift; path = ActivityCell.swift; sourceTree = "<group>"; };
		5121F9AB2105BF9000AAB52F /* ComicsDetailsViewController.swift */ = {isa = PBXFileReference; lastKnownFileType = sourcecode.swift; path = ComicsDetailsViewController.swift; sourceTree = "<group>"; };
		5121F9AD2105C19200AAB52F /* ComicsDetails.storyboard */ = {isa = PBXFileReference; lastKnownFileType = file.storyboard; path = ComicsDetails.storyboard; sourceTree = "<group>"; };
		518411A72104828F008465DE /* MarvelComics.app */ = {isa = PBXFileReference; explicitFileType = wrapper.application; includeInIndex = 0; path = MarvelComics.app; sourceTree = BUILT_PRODUCTS_DIR; };
		518411AA2104828F008465DE /* AppDelegate.swift */ = {isa = PBXFileReference; lastKnownFileType = sourcecode.swift; path = AppDelegate.swift; sourceTree = "<group>"; };
		518411AF2104828F008465DE /* Base */ = {isa = PBXFileReference; lastKnownFileType = file.storyboard; name = Base; path = Base.lproj/Main.storyboard; sourceTree = "<group>"; };
		518411B121048292008465DE /* Assets.xcassets */ = {isa = PBXFileReference; lastKnownFileType = folder.assetcatalog; path = Assets.xcassets; sourceTree = "<group>"; };
		518411B421048292008465DE /* Base */ = {isa = PBXFileReference; lastKnownFileType = file.storyboard; name = Base; path = Base.lproj/LaunchScreen.storyboard; sourceTree = "<group>"; };
		518411B621048292008465DE /* Info.plist */ = {isa = PBXFileReference; lastKnownFileType = text.plist.xml; path = Info.plist; sourceTree = "<group>"; };
		518411BB21048293008465DE /* MarvelComicsTests.xctest */ = {isa = PBXFileReference; explicitFileType = wrapper.cfbundle; includeInIndex = 0; path = MarvelComicsTests.xctest; sourceTree = BUILT_PRODUCTS_DIR; };
		518411C121048293008465DE /* Info.plist */ = {isa = PBXFileReference; lastKnownFileType = text.plist.xml; path = Info.plist; sourceTree = "<group>"; };
		518411C621048293008465DE /* MarvelComicsUITests.xctest */ = {isa = PBXFileReference; explicitFileType = wrapper.cfbundle; includeInIndex = 0; path = MarvelComicsUITests.xctest; sourceTree = BUILT_PRODUCTS_DIR; };
		518411CA21048293008465DE /* MarvelComicsUITests.swift */ = {isa = PBXFileReference; lastKnownFileType = sourcecode.swift; path = MarvelComicsUITests.swift; sourceTree = "<group>"; };
		518411CC21048293008465DE /* Info.plist */ = {isa = PBXFileReference; lastKnownFileType = text.plist.xml; path = Info.plist; sourceTree = "<group>"; };
		518411E121049906008465DE /* MarvelAPI.swift */ = {isa = PBXFileReference; lastKnownFileType = sourcecode.swift; path = MarvelAPI.swift; sourceTree = "<group>"; };
		518411E32104A636008465DE /* SecretConstants.swift */ = {isa = PBXFileReference; lastKnownFileType = sourcecode.swift; path = SecretConstants.swift; sourceTree = "<group>"; };
		518411EC2104C5E9008465DE /* MarvelAPITests.swift */ = {isa = PBXFileReference; lastKnownFileType = sourcecode.swift; path = MarvelAPITests.swift; sourceTree = "<group>"; };
		518411EE2104CDB3008465DE /* MarvelAPIErrorResponse.swift */ = {isa = PBXFileReference; lastKnownFileType = sourcecode.swift; path = MarvelAPIErrorResponse.swift; sourceTree = "<group>"; };
		518411F12104D36E008465DE /* MarvelAPIErrorResponse */ = {isa = PBXFileReference; lastKnownFileType = text; path = MarvelAPIErrorResponse; sourceTree = "<group>"; };
		518411F32104D3F4008465DE /* GET_v1_public_comics */ = {isa = PBXFileReference; lastKnownFileType = text; path = GET_v1_public_comics; sourceTree = "<group>"; };
		518411F82104E3AA008465DE /* MD5.swift */ = {isa = PBXFileReference; lastKnownFileType = sourcecode.swift; path = MD5.swift; sourceTree = "<group>"; };
		518411FC2104E707008465DE /* MD5Tests.swift */ = {isa = PBXFileReference; lastKnownFileType = sourcecode.swift; path = MD5Tests.swift; sourceTree = "<group>"; };
		518411FE2104F6A6008465DE /* URLMockable.swift */ = {isa = PBXFileReference; lastKnownFileType = sourcecode.swift; path = URLMockable.swift; sourceTree = "<group>"; };
		518412002104F6CB008465DE /* MockableURLSessionDataTask.swift */ = {isa = PBXFileReference; lastKnownFileType = sourcecode.swift; path = MockableURLSessionDataTask.swift; sourceTree = "<group>"; };
		518412022104F6E9008465DE /* MockableURLSession.swift */ = {isa = PBXFileReference; lastKnownFileType = sourcecode.swift; path = MockableURLSession.swift; sourceTree = "<group>"; };
		518412052104F887008465DE /* URLMockableTests.swift */ = {isa = PBXFileReference; lastKnownFileType = sourcecode.swift; path = URLMockableTests.swift; sourceTree = "<group>"; };
		518412072104F8A2008465DE /* MockableURLSessionDataTaskTests.swift */ = {isa = PBXFileReference; lastKnownFileType = sourcecode.swift; path = MockableURLSessionDataTaskTests.swift; sourceTree = "<group>"; };
		518412092104F8C3008465DE /* MockableURLSessionTests.swift */ = {isa = PBXFileReference; lastKnownFileType = sourcecode.swift; path = MockableURLSessionTests.swift; sourceTree = "<group>"; };
		5184120B210500F9008465DE /* GET_u_prod_marvel_i_mg_4_20_4bc697c680890.jpg */ = {isa = PBXFileReference; lastKnownFileType = image.jpeg; path = GET_u_prod_marvel_i_mg_4_20_4bc697c680890.jpg; sourceTree = "<group>"; };
		5184120F21051042008465DE /* MarvelAPIComicsResponse.swift */ = {isa = PBXFileReference; lastKnownFileType = sourcecode.swift; path = MarvelAPIComicsResponse.swift; sourceTree = "<group>"; };
		51841211210511BF008465DE /* MarvelAPIComicDataContainer.swift */ = {isa = PBXFileReference; lastKnownFileType = sourcecode.swift; path = MarvelAPIComicDataContainer.swift; sourceTree = "<group>"; };
		5184121321051295008465DE /* MarvelAPIComic.swift */ = {isa = PBXFileReference; lastKnownFileType = sourcecode.swift; path = MarvelAPIComic.swift; sourceTree = "<group>"; };
		518412152105135E008465DE /* MarvelAPIImage.swift */ = {isa = PBXFileReference; lastKnownFileType = sourcecode.swift; path = MarvelAPIImage.swift; sourceTree = "<group>"; };
		5184121821051B1B008465DE /* MarvelAPIComicsResponse.swift */ = {isa = PBXFileReference; lastKnownFileType = sourcecode.swift; path = MarvelAPIComicsResponse.swift; sourceTree = "<group>"; };
		5184121A2105292F008465DE /* GET_v1_public_comics?limit=20&offset=0 */ = {isa = PBXFileReference; lastKnownFileType = text; path = "GET_v1_public_comics?limit=20&offset=0"; sourceTree = "<group>"; };
		5184121C2105295D008465DE /* GET_v1_public_comics?limit=20&offset=20 */ = {isa = PBXFileReference; lastKnownFileType = text; path = "GET_v1_public_comics?limit=20&offset=20"; sourceTree = "<group>"; };
		518412222105312D008465DE /* MarvelAPIImageResponse.swift */ = {isa = PBXFileReference; lastKnownFileType = sourcecode.swift; path = MarvelAPIImageResponse.swift; sourceTree = "<group>"; };
		5184122421053AF0008465DE /* MarvelAPIImageResponseTests.swift */ = {isa = PBXFileReference; lastKnownFileType = sourcecode.swift; path = MarvelAPIImageResponseTests.swift; sourceTree = "<group>"; };
		5184122621054385008465DE /* GET_u_prod_marvel_i_mg_9_90_4bb860a46f58d_portrait_medium.jpg */ = {isa = PBXFileReference; lastKnownFileType = image.jpeg; path = GET_u_prod_marvel_i_mg_9_90_4bb860a46f58d_portrait_medium.jpg; sourceTree = "<group>"; };
		5184122721054385008465DE /* GET_u_prod_marvel_i_mg_9_90_4bb860a46f58d_portrait_uncanny.jpg */ = {isa = PBXFileReference; lastKnownFileType = image.jpeg; path = GET_u_prod_marvel_i_mg_9_90_4bb860a46f58d_portrait_uncanny.jpg; sourceTree = "<group>"; };
		5184122821054386008465DE /* GET_u_prod_marvel_i_mg_9_90_4bb860a46f58d.jpg */ = {isa = PBXFileReference; lastKnownFileType = image.jpeg; path = GET_u_prod_marvel_i_mg_9_90_4bb860a46f58d.jpg; sourceTree = "<group>"; };
		5184122921054386008465DE /* GET_u_prod_marvel_i_mg_9_90_4bb860a46f58d_portrait_small.jpg */ = {isa = PBXFileReference; lastKnownFileType = image.jpeg; path = GET_u_prod_marvel_i_mg_9_90_4bb860a46f58d_portrait_small.jpg; sourceTree = "<group>"; };
		51841237210546AE008465DE /* CacheAPI.swift */ = {isa = PBXFileReference; lastKnownFileType = sourcecode.swift; path = CacheAPI.swift; sourceTree = "<group>"; };
		5184123B210546C8008465DE /* CacheAPIImageResponse.swift */ = {isa = PBXFileReference; lastKnownFileType = sourcecode.swift; path = CacheAPIImageResponse.swift; sourceTree = "<group>"; };
		5184124021055884008465DE /* ComicsListViewController.swift */ = {isa = PBXFileReference; lastKnownFileType = sourcecode.swift; path = ComicsListViewController.swift; sourceTree = "<group>"; };
		5184124321055E47008465DE /* ComicsCell.swift */ = {isa = PBXFileReference; lastKnownFileType = sourcecode.swift; path = ComicsCell.swift; sourceTree = "<group>"; };
/* End PBXFileReference section */

/* Begin PBXFrameworksBuildPhase section */
		518411A42104828F008465DE /* Frameworks */ = {
			isa = PBXFrameworksBuildPhase;
			buildActionMask = 2147483647;
			files = (
			);
			runOnlyForDeploymentPostprocessing = 0;
		};
		518411B821048293008465DE /* Frameworks */ = {
			isa = PBXFrameworksBuildPhase;
			buildActionMask = 2147483647;
			files = (
			);
			runOnlyForDeploymentPostprocessing = 0;
		};
		518411C321048293008465DE /* Frameworks */ = {
			isa = PBXFrameworksBuildPhase;
			buildActionMask = 2147483647;
			files = (
			);
			runOnlyForDeploymentPostprocessing = 0;
		};
/* End PBXFrameworksBuildPhase section */

/* Begin PBXGroup section */
		5184119E2104828F008465DE = {
			isa = PBXGroup;
			children = (
				518411A92104828F008465DE /* MarvelComics */,
				518411BE21048293008465DE /* MarvelComicsTests */,
				518411C921048293008465DE /* MarvelComicsUITests */,
				518411A82104828F008465DE /* Products */,
			);
			sourceTree = "<group>";
		};
		518411A82104828F008465DE /* Products */ = {
			isa = PBXGroup;
			children = (
				518411A72104828F008465DE /* MarvelComics.app */,
				518411BB21048293008465DE /* MarvelComicsTests.xctest */,
				518411C621048293008465DE /* MarvelComicsUITests.xctest */,
			);
			name = Products;
			sourceTree = "<group>";
		};
		518411A92104828F008465DE /* MarvelComics */ = {
			isa = PBXGroup;
			children = (
				518411D9210483A0008465DE /* BusinessLayer */,
				518411D82104837F008465DE /* DataLayer */,
				518411DB210483C1008465DE /* Main */,
				518411DA210483B9008465DE /* UILayer */,
			);
			path = MarvelComics;
			sourceTree = "<group>";
		};
		518411BE21048293008465DE /* MarvelComicsTests */ = {
			isa = PBXGroup;
			children = (
				518411F02104D331008465DE /* MockData */,
				518411E92104C5B6008465DE /* DataLayer */,
				518411C121048293008465DE /* Info.plist */,
			);
			path = MarvelComicsTests;
			sourceTree = "<group>";
		};
		518411C921048293008465DE /* MarvelComicsUITests */ = {
			isa = PBXGroup;
			children = (
				518411CA21048293008465DE /* MarvelComicsUITests.swift */,
				518411CC21048293008465DE /* Info.plist */,
			);
			path = MarvelComicsUITests;
			sourceTree = "<group>";
		};
		518411D82104837F008465DE /* DataLayer */ = {
			isa = PBXGroup;
			children = (
				518412362105468A008465DE /* CacheAPI */,
				518411E52104B1B2008465DE /* Helpers */,
				518411DE21049871008465DE /* MarvelAPI */,
			);
			path = DataLayer;
			sourceTree = "<group>";
		};
		518411D9210483A0008465DE /* BusinessLayer */ = {
			isa = PBXGroup;
			children = (
				5121F9A72105A63400AAB52F /* ComicsManager.swift */,
			);
			path = BusinessLayer;
			sourceTree = "<group>";
		};
		518411DA210483B9008465DE /* UILayer */ = {
			isa = PBXGroup;
			children = (
				5184124221055DF7008465DE /* UICollectionViewCells */,
				518411DD21048409008465DE /* Storyboards */,
				518411DC210483FF008465DE /* UIViewControllers */,
			);
			path = UILayer;
			sourceTree = "<group>";
		};
		518411DB210483C1008465DE /* Main */ = {
			isa = PBXGroup;
			children = (
				518411AA2104828F008465DE /* AppDelegate.swift */,
				518411B121048292008465DE /* Assets.xcassets */,
				518411B621048292008465DE /* Info.plist */,
				518411E32104A636008465DE /* SecretConstants.swift */,
			);
			path = Main;
			sourceTree = "<group>";
		};
		518411DC210483FF008465DE /* UIViewControllers */ = {
			isa = PBXGroup;
			children = (
				5184124021055884008465DE /* ComicsListViewController.swift */,
				5121F9AB2105BF9000AAB52F /* ComicsDetailsViewController.swift */,
			);
			path = UIViewControllers;
			sourceTree = "<group>";
		};
		518411DD21048409008465DE /* Storyboards */ = {
			isa = PBXGroup;
			children = (
				518411B321048292008465DE /* LaunchScreen.storyboard */,
				518411AE2104828F008465DE /* Main.storyboard */,
				5121F9AD2105C19200AAB52F /* ComicsDetails.storyboard */,
			);
			path = Storyboards;
			sourceTree = "<group>";
		};
		518411DE21049871008465DE /* MarvelAPI */ = {
			isa = PBXGroup;
			children = (
				518411DF210498C7008465DE /* Main */,
				518411E0210498CF008465DE /* Models */,
			);
			path = MarvelAPI;
			sourceTree = "<group>";
		};
		518411DF210498C7008465DE /* Main */ = {
			isa = PBXGroup;
			children = (
				518411E121049906008465DE /* MarvelAPI.swift */,
			);
			path = Main;
			sourceTree = "<group>";
		};
		518411E0210498CF008465DE /* Models */ = {
			isa = PBXGroup;
			children = (
				5184121321051295008465DE /* MarvelAPIComic.swift */,
				51841211210511BF008465DE /* MarvelAPIComicDataContainer.swift */,
				5184120F21051042008465DE /* MarvelAPIComicsResponse.swift */,
				518411EE2104CDB3008465DE /* MarvelAPIErrorResponse.swift */,
				518412152105135E008465DE /* MarvelAPIImage.swift */,
				518412222105312D008465DE /* MarvelAPIImageResponse.swift */,
			);
			path = Models;
			sourceTree = "<group>";
		};
		518411E52104B1B2008465DE /* Helpers */ = {
			isa = PBXGroup;
			children = (
				518411F72104E366008465DE /* Encriptions */,
				518411E62104B2A7008465DE /* URLMockable */,
			);
			path = Helpers;
			sourceTree = "<group>";
		};
		518411E62104B2A7008465DE /* URLMockable */ = {
			isa = PBXGroup;
			children = (
				518412022104F6E9008465DE /* MockableURLSession.swift */,
				518412002104F6CB008465DE /* MockableURLSessionDataTask.swift */,
				518411FE2104F6A6008465DE /* URLMockable.swift */,
			);
			path = URLMockable;
			sourceTree = "<group>";
		};
		518411E92104C5B6008465DE /* DataLayer */ = {
			isa = PBXGroup;
			children = (
				518411FA2104E6D8008465DE /* Helpers */,
				518411EA2104C5C3008465DE /* MarvelAPI */,
			);
			path = DataLayer;
			sourceTree = "<group>";
		};
		518411EA2104C5C3008465DE /* MarvelAPI */ = {
			isa = PBXGroup;
			children = (
				5184121721051AF5008465DE /* Models */,
				518411EB2104C5CE008465DE /* Main */,
			);
			path = MarvelAPI;
			sourceTree = "<group>";
		};
		518411EB2104C5CE008465DE /* Main */ = {
			isa = PBXGroup;
			children = (
				518411EC2104C5E9008465DE /* MarvelAPITests.swift */,
			);
			path = Main;
			sourceTree = "<group>";
		};
		518411F02104D331008465DE /* MockData */ = {
			isa = PBXGroup;
			children = (
				5184122621054385008465DE /* GET_u_prod_marvel_i_mg_9_90_4bb860a46f58d_portrait_medium.jpg */,
				5184122921054386008465DE /* GET_u_prod_marvel_i_mg_9_90_4bb860a46f58d_portrait_small.jpg */,
				5184122721054385008465DE /* GET_u_prod_marvel_i_mg_9_90_4bb860a46f58d_portrait_uncanny.jpg */,
				5184122821054386008465DE /* GET_u_prod_marvel_i_mg_9_90_4bb860a46f58d.jpg */,
				5184120B210500F9008465DE /* GET_u_prod_marvel_i_mg_4_20_4bc697c680890.jpg */,
				518411F12104D36E008465DE /* MarvelAPIErrorResponse */,
				518411F32104D3F4008465DE /* GET_v1_public_comics */,
				5184121A2105292F008465DE /* GET_v1_public_comics?limit=20&offset=0 */,
				5184121C2105295D008465DE /* GET_v1_public_comics?limit=20&offset=20 */,
			);
			path = MockData;
			sourceTree = "<group>";
		};
		518411F72104E366008465DE /* Encriptions */ = {
			isa = PBXGroup;
			children = (
				518411F82104E3AA008465DE /* MD5.swift */,
			);
			path = Encriptions;
			sourceTree = "<group>";
		};
		518411FA2104E6D8008465DE /* Helpers */ = {
			isa = PBXGroup;
			children = (
				518411FB2104E6E0008465DE /* Encriptions */,
				518412042104F86E008465DE /* URLMockable */,
			);
			path = Helpers;
			sourceTree = "<group>";
		};
		518411FB2104E6E0008465DE /* Encriptions */ = {
			isa = PBXGroup;
			children = (
				518411FC2104E707008465DE /* MD5Tests.swift */,
			);
			path = Encriptions;
			sourceTree = "<group>";
		};
		518412042104F86E008465DE /* URLMockable */ = {
			isa = PBXGroup;
			children = (
				518412052104F887008465DE /* URLMockableTests.swift */,
				518412072104F8A2008465DE /* MockableURLSessionDataTaskTests.swift */,
				518412092104F8C3008465DE /* MockableURLSessionTests.swift */,
			);
			path = URLMockable;
			sourceTree = "<group>";
		};
		5184121721051AF5008465DE /* Models */ = {
			isa = PBXGroup;
			children = (
				5184121821051B1B008465DE /* MarvelAPIComicsResponse.swift */,
				5184122421053AF0008465DE /* MarvelAPIImageResponseTests.swift */,
			);
			path = Models;
			sourceTree = "<group>";
		};
		518412362105468A008465DE /* CacheAPI */ = {
			isa = PBXGroup;
			children = (
				51841237210546AE008465DE /* CacheAPI.swift */,
				5184123B210546C8008465DE /* CacheAPIImageResponse.swift */,
			);
			path = CacheAPI;
			sourceTree = "<group>";
		};
		5184124221055DF7008465DE /* UICollectionViewCells */ = {
			isa = PBXGroup;
			children = (
				5184124321055E47008465DE /* ComicsCell.swift */,
				5121F9A92105BA7F00AAB52F /* ActivityCell.swift */,
			);
			path = UICollectionViewCells;
			sourceTree = "<group>";
		};
/* End PBXGroup section */

/* Begin PBXNativeTarget section */
		518411A62104828F008465DE /* MarvelComics */ = {
			isa = PBXNativeTarget;
			buildConfigurationList = 518411CF21048293008465DE /* Build configuration list for PBXNativeTarget "MarvelComics" */;
			buildPhases = (
				518411A32104828F008465DE /* Sources */,
				518411A42104828F008465DE /* Frameworks */,
				518411A52104828F008465DE /* Resources */,
			);
			buildRules = (
			);
			dependencies = (
			);
			name = MarvelComics;
			productName = MarvelComics;
			productReference = 518411A72104828F008465DE /* MarvelComics.app */;
			productType = "com.apple.product-type.application";
		};
		518411BA21048293008465DE /* MarvelComicsTests */ = {
			isa = PBXNativeTarget;
			buildConfigurationList = 518411D221048293008465DE /* Build configuration list for PBXNativeTarget "MarvelComicsTests" */;
			buildPhases = (
				518411B721048293008465DE /* Sources */,
				518411B821048293008465DE /* Frameworks */,
				518411B921048293008465DE /* Resources */,
			);
			buildRules = (
			);
			dependencies = (
				518411BD21048293008465DE /* PBXTargetDependency */,
			);
			name = MarvelComicsTests;
			productName = MarvelComicsTests;
			productReference = 518411BB21048293008465DE /* MarvelComicsTests.xctest */;
			productType = "com.apple.product-type.bundle.unit-test";
		};
		518411C521048293008465DE /* MarvelComicsUITests */ = {
			isa = PBXNativeTarget;
			buildConfigurationList = 518411D521048293008465DE /* Build configuration list for PBXNativeTarget "MarvelComicsUITests" */;
			buildPhases = (
				518411C221048293008465DE /* Sources */,
				518411C321048293008465DE /* Frameworks */,
				518411C421048293008465DE /* Resources */,
			);
			buildRules = (
			);
			dependencies = (
				518411C821048293008465DE /* PBXTargetDependency */,
			);
			name = MarvelComicsUITests;
			productName = MarvelComicsUITests;
			productReference = 518411C621048293008465DE /* MarvelComicsUITests.xctest */;
			productType = "com.apple.product-type.bundle.ui-testing";
		};
/* End PBXNativeTarget section */

/* Begin PBXProject section */
		5184119F2104828F008465DE /* Project object */ = {
			isa = PBXProject;
			attributes = {
				LastSwiftUpdateCheck = 0940;
				LastUpgradeCheck = 0940;
				ORGANIZATIONNAME = alexmalkov;
				TargetAttributes = {
					518411A62104828F008465DE = {
						CreatedOnToolsVersion = 9.4.1;
					};
					518411BA21048293008465DE = {
						CreatedOnToolsVersion = 9.4.1;
						TestTargetID = 518411A62104828F008465DE;
					};
					518411C521048293008465DE = {
						CreatedOnToolsVersion = 9.4.1;
						TestTargetID = 518411A62104828F008465DE;
					};
				};
			};
			buildConfigurationList = 518411A22104828F008465DE /* Build configuration list for PBXProject "MarvelComics" */;
			compatibilityVersion = "Xcode 9.3";
			developmentRegion = en;
			hasScannedForEncodings = 0;
			knownRegions = (
				en,
				Base,
			);
			mainGroup = 5184119E2104828F008465DE;
			productRefGroup = 518411A82104828F008465DE /* Products */;
			projectDirPath = "";
			projectRoot = "";
			targets = (
				518411A62104828F008465DE /* MarvelComics */,
				518411BA21048293008465DE /* MarvelComicsTests */,
				518411C521048293008465DE /* MarvelComicsUITests */,
			);
		};
/* End PBXProject section */

/* Begin PBXResourcesBuildPhase section */
		518411A52104828F008465DE /* Resources */ = {
			isa = PBXResourcesBuildPhase;
			buildActionMask = 2147483647;
			files = (
				5184122A21054386008465DE /* GET_u_prod_marvel_i_mg_9_90_4bb860a46f58d_portrait_medium.jpg in Resources */,
				5121F9AE2105C19200AAB52F /* ComicsDetails.storyboard in Resources */,
				518411F52104D9F1008465DE /* MarvelAPIErrorResponse in Resources */,
				5184121F21052D90008465DE /* GET_v1_public_comics?limit=20&offset=20 in Resources */,
				5184120D210500FF008465DE /* GET_u_prod_marvel_i_mg_4_20_4bc697c680890.jpg in Resources */,
				518411F62104D9F1008465DE /* GET_v1_public_comics in Resources */,
				518411B521048292008465DE /* LaunchScreen.storyboard in Resources */,
				5184122D21054386008465DE /* GET_u_prod_marvel_i_mg_9_90_4bb860a46f58d_portrait_uncanny.jpg in Resources */,
				5184123321054386008465DE /* GET_u_prod_marvel_i_mg_9_90_4bb860a46f58d_portrait_small.jpg in Resources */,
				5184121E21052D90008465DE /* GET_v1_public_comics?limit=20&offset=0 in Resources */,
				518411B221048292008465DE /* Assets.xcassets in Resources */,
				518411B02104828F008465DE /* Main.storyboard in Resources */,
				5184123021054386008465DE /* GET_u_prod_marvel_i_mg_9_90_4bb860a46f58d.jpg in Resources */,
			);
			runOnlyForDeploymentPostprocessing = 0;
		};
		518411B921048293008465DE /* Resources */ = {
			isa = PBXResourcesBuildPhase;
			buildActionMask = 2147483647;
			files = (
				5184122B21054386008465DE /* GET_u_prod_marvel_i_mg_9_90_4bb860a46f58d_portrait_medium.jpg in Resources */,
				5184122E21054386008465DE /* GET_u_prod_marvel_i_mg_9_90_4bb860a46f58d_portrait_uncanny.jpg in Resources */,
				5184123121054386008465DE /* GET_u_prod_marvel_i_mg_9_90_4bb860a46f58d.jpg in Resources */,
				5184120C210500F9008465DE /* GET_u_prod_marvel_i_mg_4_20_4bc697c680890.jpg in Resources */,
				5184123421054386008465DE /* GET_u_prod_marvel_i_mg_9_90_4bb860a46f58d_portrait_small.jpg in Resources */,
				5184121D2105295D008465DE /* GET_v1_public_comics?limit=20&offset=20 in Resources */,
				5184121B2105292F008465DE /* GET_v1_public_comics?limit=20&offset=0 in Resources */,
			);
			runOnlyForDeploymentPostprocessing = 0;
		};
		518411C421048293008465DE /* Resources */ = {
			isa = PBXResourcesBuildPhase;
			buildActionMask = 2147483647;
			files = (
				5184122C21054386008465DE /* GET_u_prod_marvel_i_mg_9_90_4bb860a46f58d_portrait_medium.jpg in Resources */,
				5184122F21054386008465DE /* GET_u_prod_marvel_i_mg_9_90_4bb860a46f58d_portrait_uncanny.jpg in Resources */,
				5184123221054386008465DE /* GET_u_prod_marvel_i_mg_9_90_4bb860a46f58d.jpg in Resources */,
				5184122121052D91008465DE /* GET_v1_public_comics?limit=20&offset=20 in Resources */,
				5184123521054386008465DE /* GET_u_prod_marvel_i_mg_9_90_4bb860a46f58d_portrait_small.jpg in Resources */,
				5184122021052D91008465DE /* GET_v1_public_comics?limit=20&offset=0 in Resources */,
				5184120E21050100008465DE /* GET_u_prod_marvel_i_mg_4_20_4bc697c680890.jpg in Resources */,
			);
			runOnlyForDeploymentPostprocessing = 0;
		};
/* End PBXResourcesBuildPhase section */

/* Begin PBXSourcesBuildPhase section */
		518411A32104828F008465DE /* Sources */ = {
			isa = PBXSourcesBuildPhase;
			buildActionMask = 2147483647;
			files = (
				518411F92104E3AA008465DE /* MD5.swift in Sources */,
				518411E221049906008465DE /* MarvelAPI.swift in Sources */,
				51841238210546AE008465DE /* CacheAPI.swift in Sources */,
				518412012104F6CB008465DE /* MockableURLSessionDataTask.swift in Sources */,
				518412232105312D008465DE /* MarvelAPIImageResponse.swift in Sources */,
				5121F9AC2105BF9000AAB52F /* ComicsDetailsViewController.swift in Sources */,
				5184123F210552E3008465DE /* CacheAPIImageResponse.swift in Sources */,
				5184121021051042008465DE /* MarvelAPIComicsResponse.swift in Sources */,
				518411EF2104CDB3008465DE /* MarvelAPIErrorResponse.swift in Sources */,
				5184124421055E47008465DE /* ComicsCell.swift in Sources */,
				5184124121055884008465DE /* ComicsListViewController.swift in Sources */,
				5121F9AA2105BA7F00AAB52F /* ActivityCell.swift in Sources */,
				518412032104F6E9008465DE /* MockableURLSession.swift in Sources */,
				5184121421051295008465DE /* MarvelAPIComic.swift in Sources */,
				51841212210511BF008465DE /* MarvelAPIComicDataContainer.swift in Sources */,
				518411FF2104F6A6008465DE /* URLMockable.swift in Sources */,
				518411AB2104828F008465DE /* AppDelegate.swift in Sources */,
				5121F9A82105A63400AAB52F /* ComicsManager.swift in Sources */,
				518412162105135E008465DE /* MarvelAPIImage.swift in Sources */,
				518411E42104A636008465DE /* SecretConstants.swift in Sources */,
			);
			runOnlyForDeploymentPostprocessing = 0;
		};
		518411B721048293008465DE /* Sources */ = {
			isa = PBXSourcesBuildPhase;
			buildActionMask = 2147483647;
			files = (
				5184122521053AF0008465DE /* MarvelAPIImageResponseTests.swift in Sources */,
				5184121921051B1B008465DE /* MarvelAPIComicsResponse.swift in Sources */,
				518411FD2104E707008465DE /* MD5Tests.swift in Sources */,
				518412082104F8A2008465DE /* MockableURLSessionDataTaskTests.swift in Sources */,
				518412062104F887008465DE /* URLMockableTests.swift in Sources */,
				518411ED2104C5E9008465DE /* MarvelAPITests.swift in Sources */,
				5184120A2104F8C3008465DE /* MockableURLSessionTests.swift in Sources */,
			);
			runOnlyForDeploymentPostprocessing = 0;
		};
		518411C221048293008465DE /* Sources */ = {
			isa = PBXSourcesBuildPhase;
			buildActionMask = 2147483647;
			files = (
				518411CB21048293008465DE /* MarvelComicsUITests.swift in Sources */,
			);
			runOnlyForDeploymentPostprocessing = 0;
		};
/* End PBXSourcesBuildPhase section */

/* Begin PBXTargetDependency section */
		518411BD21048293008465DE /* PBXTargetDependency */ = {
			isa = PBXTargetDependency;
			target = 518411A62104828F008465DE /* MarvelComics */;
			targetProxy = 518411BC21048293008465DE /* PBXContainerItemProxy */;
		};
		518411C821048293008465DE /* PBXTargetDependency */ = {
			isa = PBXTargetDependency;
			target = 518411A62104828F008465DE /* MarvelComics */;
			targetProxy = 518411C721048293008465DE /* PBXContainerItemProxy */;
		};
/* End PBXTargetDependency section */

/* Begin PBXVariantGroup section */
		518411AE2104828F008465DE /* Main.storyboard */ = {
			isa = PBXVariantGroup;
			children = (
				518411AF2104828F008465DE /* Base */,
			);
			name = Main.storyboard;
			sourceTree = "<group>";
		};
		518411B321048292008465DE /* LaunchScreen.storyboard */ = {
			isa = PBXVariantGroup;
			children = (
				518411B421048292008465DE /* Base */,
			);
			name = LaunchScreen.storyboard;
			sourceTree = "<group>";
		};
/* End PBXVariantGroup section */

/* Begin XCBuildConfiguration section */
		518411CD21048293008465DE /* Debug */ = {
			isa = XCBuildConfiguration;
			buildSettings = {
				ALWAYS_SEARCH_USER_PATHS = NO;
				CLANG_ANALYZER_NONNULL = YES;
				CLANG_ANALYZER_NUMBER_OBJECT_CONVERSION = YES_AGGRESSIVE;
				CLANG_CXX_LANGUAGE_STANDARD = "gnu++14";
				CLANG_CXX_LIBRARY = "libc++";
				CLANG_ENABLE_MODULES = YES;
				CLANG_ENABLE_OBJC_ARC = YES;
				CLANG_ENABLE_OBJC_WEAK = YES;
				CLANG_WARN_BLOCK_CAPTURE_AUTORELEASING = YES;
				CLANG_WARN_BOOL_CONVERSION = YES;
				CLANG_WARN_COMMA = YES;
				CLANG_WARN_CONSTANT_CONVERSION = YES;
				CLANG_WARN_DEPRECATED_OBJC_IMPLEMENTATIONS = YES;
				CLANG_WARN_DIRECT_OBJC_ISA_USAGE = YES_ERROR;
				CLANG_WARN_DOCUMENTATION_COMMENTS = YES;
				CLANG_WARN_EMPTY_BODY = YES;
				CLANG_WARN_ENUM_CONVERSION = YES;
				CLANG_WARN_INFINITE_RECURSION = YES;
				CLANG_WARN_INT_CONVERSION = YES;
				CLANG_WARN_NON_LITERAL_NULL_CONVERSION = YES;
				CLANG_WARN_OBJC_IMPLICIT_RETAIN_SELF = YES;
				CLANG_WARN_OBJC_LITERAL_CONVERSION = YES;
				CLANG_WARN_OBJC_ROOT_CLASS = YES_ERROR;
				CLANG_WARN_RANGE_LOOP_ANALYSIS = YES;
				CLANG_WARN_STRICT_PROTOTYPES = YES;
				CLANG_WARN_SUSPICIOUS_MOVE = YES;
				CLANG_WARN_UNGUARDED_AVAILABILITY = YES_AGGRESSIVE;
				CLANG_WARN_UNREACHABLE_CODE = YES;
				CLANG_WARN__DUPLICATE_METHOD_MATCH = YES;
				CODE_SIGN_IDENTITY = "iPhone Developer";
				COPY_PHASE_STRIP = NO;
				DEBUG_INFORMATION_FORMAT = dwarf;
				ENABLE_STRICT_OBJC_MSGSEND = YES;
				ENABLE_TESTABILITY = YES;
				GCC_C_LANGUAGE_STANDARD = gnu11;
				GCC_DYNAMIC_NO_PIC = NO;
				GCC_NO_COMMON_BLOCKS = YES;
				GCC_OPTIMIZATION_LEVEL = 0;
				GCC_PREPROCESSOR_DEFINITIONS = (
					"DEBUG=1",
					"$(inherited)",
				);
				GCC_WARN_64_TO_32_BIT_CONVERSION = YES;
				GCC_WARN_ABOUT_RETURN_TYPE = YES_ERROR;
				GCC_WARN_UNDECLARED_SELECTOR = YES;
				GCC_WARN_UNINITIALIZED_AUTOS = YES_AGGRESSIVE;
				GCC_WARN_UNUSED_FUNCTION = YES;
				GCC_WARN_UNUSED_VARIABLE = YES;
				IPHONEOS_DEPLOYMENT_TARGET = 11.4;
				MTL_ENABLE_DEBUG_INFO = YES;
				ONLY_ACTIVE_ARCH = YES;
				SDKROOT = iphoneos;
				SWIFT_ACTIVE_COMPILATION_CONDITIONS = DEBUG;
				SWIFT_OPTIMIZATION_LEVEL = "-Onone";
			};
			name = Debug;
		};
		518411CE21048293008465DE /* Release */ = {
			isa = XCBuildConfiguration;
			buildSettings = {
				ALWAYS_SEARCH_USER_PATHS = NO;
				CLANG_ANALYZER_NONNULL = YES;
				CLANG_ANALYZER_NUMBER_OBJECT_CONVERSION = YES_AGGRESSIVE;
				CLANG_CXX_LANGUAGE_STANDARD = "gnu++14";
				CLANG_CXX_LIBRARY = "libc++";
				CLANG_ENABLE_MODULES = YES;
				CLANG_ENABLE_OBJC_ARC = YES;
				CLANG_ENABLE_OBJC_WEAK = YES;
				CLANG_WARN_BLOCK_CAPTURE_AUTORELEASING = YES;
				CLANG_WARN_BOOL_CONVERSION = YES;
				CLANG_WARN_COMMA = YES;
				CLANG_WARN_CONSTANT_CONVERSION = YES;
				CLANG_WARN_DEPRECATED_OBJC_IMPLEMENTATIONS = YES;
				CLANG_WARN_DIRECT_OBJC_ISA_USAGE = YES_ERROR;
				CLANG_WARN_DOCUMENTATION_COMMENTS = YES;
				CLANG_WARN_EMPTY_BODY = YES;
				CLANG_WARN_ENUM_CONVERSION = YES;
				CLANG_WARN_INFINITE_RECURSION = YES;
				CLANG_WARN_INT_CONVERSION = YES;
				CLANG_WARN_NON_LITERAL_NULL_CONVERSION = YES;
				CLANG_WARN_OBJC_IMPLICIT_RETAIN_SELF = YES;
				CLANG_WARN_OBJC_LITERAL_CONVERSION = YES;
				CLANG_WARN_OBJC_ROOT_CLASS = YES_ERROR;
				CLANG_WARN_RANGE_LOOP_ANALYSIS = YES;
				CLANG_WARN_STRICT_PROTOTYPES = YES;
				CLANG_WARN_SUSPICIOUS_MOVE = YES;
				CLANG_WARN_UNGUARDED_AVAILABILITY = YES_AGGRESSIVE;
				CLANG_WARN_UNREACHABLE_CODE = YES;
				CLANG_WARN__DUPLICATE_METHOD_MATCH = YES;
				CODE_SIGN_IDENTITY = "iPhone Developer";
				COPY_PHASE_STRIP = NO;
				DEBUG_INFORMATION_FORMAT = "dwarf-with-dsym";
				ENABLE_NS_ASSERTIONS = NO;
				ENABLE_STRICT_OBJC_MSGSEND = YES;
				GCC_C_LANGUAGE_STANDARD = gnu11;
				GCC_NO_COMMON_BLOCKS = YES;
				GCC_WARN_64_TO_32_BIT_CONVERSION = YES;
				GCC_WARN_ABOUT_RETURN_TYPE = YES_ERROR;
				GCC_WARN_UNDECLARED_SELECTOR = YES;
				GCC_WARN_UNINITIALIZED_AUTOS = YES_AGGRESSIVE;
				GCC_WARN_UNUSED_FUNCTION = YES;
				GCC_WARN_UNUSED_VARIABLE = YES;
				IPHONEOS_DEPLOYMENT_TARGET = 11.4;
				MTL_ENABLE_DEBUG_INFO = NO;
				SDKROOT = iphoneos;
				SWIFT_COMPILATION_MODE = wholemodule;
				SWIFT_OPTIMIZATION_LEVEL = "-O";
				VALIDATE_PRODUCT = YES;
			};
			name = Release;
		};
		518411D021048293008465DE /* Debug */ = {
			isa = XCBuildConfiguration;
			buildSettings = {
				ASSETCATALOG_COMPILER_APPICON_NAME = AppIcon;
				CODE_SIGN_STYLE = Automatic;
				DEVELOPMENT_TEAM = C2UFGA4H52;
				INFOPLIST_FILE = MarvelComics/Main/Info.plist;
				LD_RUNPATH_SEARCH_PATHS = (
					"$(inherited)",
					"@executable_path/Frameworks",
				);
				PRODUCT_BUNDLE_IDENTIFIER = alexmalkov.MarvelComics;
				PRODUCT_NAME = "$(TARGET_NAME)";
				SWIFT_VERSION = 4.0;
				TARGETED_DEVICE_FAMILY = "1,2";
			};
			name = Debug;
		};
		518411D121048293008465DE /* Release */ = {
			isa = XCBuildConfiguration;
			buildSettings = {
				ASSETCATALOG_COMPILER_APPICON_NAME = AppIcon;
				CODE_SIGN_STYLE = Automatic;
				DEVELOPMENT_TEAM = C2UFGA4H52;
				INFOPLIST_FILE = MarvelComics/Main/Info.plist;
				LD_RUNPATH_SEARCH_PATHS = (
					"$(inherited)",
					"@executable_path/Frameworks",
				);
				PRODUCT_BUNDLE_IDENTIFIER = alexmalkov.MarvelComics;
				PRODUCT_NAME = "$(TARGET_NAME)";
				SWIFT_VERSION = 4.0;
				TARGETED_DEVICE_FAMILY = "1,2";
			};
			name = Release;
		};
		518411D321048293008465DE /* Debug */ = {
			isa = XCBuildConfiguration;
			buildSettings = {
				ALWAYS_EMBED_SWIFT_STANDARD_LIBRARIES = YES;
				BUNDLE_LOADER = "$(TEST_HOST)";
				CODE_SIGN_STYLE = Automatic;
				DEVELOPMENT_TEAM = C2UFGA4H52;
				INFOPLIST_FILE = MarvelComicsTests/Info.plist;
				LD_RUNPATH_SEARCH_PATHS = (
					"$(inherited)",
					"@executable_path/Frameworks",
					"@loader_path/Frameworks",
				);
				PRODUCT_BUNDLE_IDENTIFIER = alexmalkov.MarvelComicsTests;
				PRODUCT_NAME = "$(TARGET_NAME)";
				SWIFT_VERSION = 4.0;
				TARGETED_DEVICE_FAMILY = "1,2";
				TEST_HOST = "$(BUILT_PRODUCTS_DIR)/MarvelComics.app/MarvelComics";
			};
			name = Debug;
		};
		518411D421048293008465DE /* Release */ = {
			isa = XCBuildConfiguration;
			buildSettings = {
				ALWAYS_EMBED_SWIFT_STANDARD_LIBRARIES = YES;
				BUNDLE_LOADER = "$(TEST_HOST)";
				CODE_SIGN_STYLE = Automatic;
				DEVELOPMENT_TEAM = C2UFGA4H52;
				INFOPLIST_FILE = MarvelComicsTests/Info.plist;
				LD_RUNPATH_SEARCH_PATHS = (
					"$(inherited)",
					"@executable_path/Frameworks",
					"@loader_path/Frameworks",
				);
				PRODUCT_BUNDLE_IDENTIFIER = alexmalkov.MarvelComicsTests;
				PRODUCT_NAME = "$(TARGET_NAME)";
				SWIFT_VERSION = 4.0;
				TARGETED_DEVICE_FAMILY = "1,2";
				TEST_HOST = "$(BUILT_PRODUCTS_DIR)/MarvelComics.app/MarvelComics";
			};
			name = Release;
		};
		518411D621048293008465DE /* Debug */ = {
			isa = XCBuildConfiguration;
			buildSettings = {
				ALWAYS_EMBED_SWIFT_STANDARD_LIBRARIES = YES;
				CODE_SIGN_STYLE = Automatic;
				DEVELOPMENT_TEAM = C2UFGA4H52;
				INFOPLIST_FILE = MarvelComicsUITests/Info.plist;
				LD_RUNPATH_SEARCH_PATHS = (
					"$(inherited)",
					"@executable_path/Frameworks",
					"@loader_path/Frameworks",
				);
				PRODUCT_BUNDLE_IDENTIFIER = alexmalkov.MarvelComicsUITests;
				PRODUCT_NAME = "$(TARGET_NAME)";
				SWIFT_VERSION = 4.0;
				TARGETED_DEVICE_FAMILY = "1,2";
				TEST_TARGET_NAME = MarvelComics;
			};
			name = Debug;
		};
		518411D721048293008465DE /* Release */ = {
			isa = XCBuildConfiguration;
			buildSettings = {
				ALWAYS_EMBED_SWIFT_STANDARD_LIBRARIES = YES;
				CODE_SIGN_STYLE = Automatic;
				DEVELOPMENT_TEAM = C2UFGA4H52;
				INFOPLIST_FILE = MarvelComicsUITests/Info.plist;
				LD_RUNPATH_SEARCH_PATHS = (
					"$(inherited)",
					"@executable_path/Frameworks",
					"@loader_path/Frameworks",
				);
				PRODUCT_BUNDLE_IDENTIFIER = alexmalkov.MarvelComicsUITests;
				PRODUCT_NAME = "$(TARGET_NAME)";
				SWIFT_VERSION = 4.0;
				TARGETED_DEVICE_FAMILY = "1,2";
				TEST_TARGET_NAME = MarvelComics;
			};
			name = Release;
		};
/* End XCBuildConfiguration section */

/* Begin XCConfigurationList section */
		518411A22104828F008465DE /* Build configuration list for PBXProject "MarvelComics" */ = {
			isa = XCConfigurationList;
			buildConfigurations = (
				518411CD21048293008465DE /* Debug */,
				518411CE21048293008465DE /* Release */,
			);
			defaultConfigurationIsVisible = 0;
			defaultConfigurationName = Release;
		};
		518411CF21048293008465DE /* Build configuration list for PBXNativeTarget "MarvelComics" */ = {
			isa = XCConfigurationList;
			buildConfigurations = (
				518411D021048293008465DE /* Debug */,
				518411D121048293008465DE /* Release */,
			);
			defaultConfigurationIsVisible = 0;
			defaultConfigurationName = Release;
		};
		518411D221048293008465DE /* Build configuration list for PBXNativeTarget "MarvelComicsTests" */ = {
			isa = XCConfigurationList;
			buildConfigurations = (
				518411D321048293008465DE /* Debug */,
				518411D421048293008465DE /* Release */,
			);
			defaultConfigurationIsVisible = 0;
			defaultConfigurationName = Release;
		};
		518411D521048293008465DE /* Build configuration list for PBXNativeTarget "MarvelComicsUITests" */ = {
			isa = XCConfigurationList;
			buildConfigurations = (
				518411D621048293008465DE /* Debug */,
				518411D721048293008465DE /* Release */,
			);
			defaultConfigurationIsVisible = 0;
			defaultConfigurationName = Release;
		};
/* End XCConfigurationList section */
	};
	rootObject = 5184119F2104828F008465DE /* Project object */;
}
